
Microsoft Visual Studio Solution File, Format Version 12.00
# Visual Studio 15
VisualStudioVersion = 15.0.27428.2015
MinimumVisualStudioVersion = 10.0.40219.1
Project("{E24C65DC-7377-472B-9ABA-BC803B73C61A}") = "companymanagement", "companymanagement\", "{491C4B9D-FFEB-4A85-999F-B24EC92FD43B}"
	ProjectSection(WebsiteProperties) = preProject
		TargetFrameworkMoniker = ".NETFramework,Version%3Dv4.5.1"
		Debug.AspNetCompiler.VirtualPath = "/localhost_57585"
		Debug.AspNetCompiler.PhysicalPath = "companymanagement\"
		Debug.AspNetCompiler.TargetPath = "PrecompiledWeb\localhost_57585\"
		Debug.AspNetCompiler.Updateable = "true"
		Debug.AspNetCompiler.ForceOverwrite = "true"
		Debug.AspNetCompiler.FixedNames = "false"
		Debug.AspNetCompiler.Debug = "True"
		Release.AspNetCompiler.VirtualPath = "/localhost_57585"
		Release.AspNetCompiler.PhysicalPath = "companymanagement\"
		Release.AspNetCompiler.TargetPath = "PrecompiledWeb\localhost_57585\"
		Release.AspNetCompiler.Updateable = "true"
		Release.AspNetCompiler.ForceOverwrite = "true"
		Release.AspNetCompiler.FixedNames = "false"
		Release.AspNetCompiler.Debug = "False"
		VWDPort = "57585"
		SlnRelativePath = "companymanagement\"
		DefaultWebSiteLanguage = "Visual C#"
	EndProjectSection
EndProject
Global
	GlobalSection(SolutionConfigurationPlatforms) = preSolution
		Debug|Any CPU = Debug|Any CPU
	EndGlobalSection
	GlobalSection(ProjectConfigurationPlatforms) = postSolution
		{491C4B9D-FFEB-4A85-999F-B24EC92FD43B}.Debug|Any CPU.ActiveCfg = Debug|Any CPU
		{491C4B9D-FFEB-4A85-999F-B24EC92FD43B}.Debug|Any CPU.Build.0 = Debug|Any CPU
	EndGlobalSection
	GlobalSection(SolutionProperties) = preSolution
		HideSolutionNode = FALSE
	EndGlobalSection
	GlobalSection(ExtensibilityGlobals) = postSolution
		SolutionGuid = {88539D53-5B87-4FB9-9A05-886A569D2728}
	EndGlobalSection
EndGlobal
